
Microsoft Visual Studio Solution File, Format Version 12.00
# Visual Studio 2013
VisualStudioVersion = 12.0.40629.0
MinimumVisualStudioVersion = 10.0.40219.1
Project("{2150E333-8FDC-42A3-9474-1A3956D46DE8}") = ".nuget", ".nuget", "{DFA48E27-7D53-4955-A722-3D91A7119BE7}"
	ProjectSection(SolutionItems) = preProject
		.nuget\NuGet.Config = .nuget\NuGet.Config
		.nuget\NuGet.exe = .nuget\NuGet.exe
		.nuget\NuGet.targets = .nuget\NuGet.targets
	EndProjectSection
EndProject
Project("{FAE04EC0-301F-11D3-BF4B-00C04F79EFBC}") = "MultipleDbContextDemo.Core", "MultipleDbContextDemo.Core\MultipleDbContextDemo.Core.csproj", "{17298EA0-AF73-4F30-B6F1-2066100D7D74}"
EndProject
Project("{FAE04EC0-301F-11D3-BF4B-00C04F79EFBC}") = "MultipleDbContextDemo.Application", "MultipleDbContextDemo.Application\MultipleDbContextDemo.Application.csproj", "{EDF5D964-4C0F-4F19-B674-58A38A5E5401}"
EndProject
Project("{FAE04EC0-301F-11D3-BF4B-00C04F79EFBC}") = "MultipleDbContextDemo.EntityFramework", "MultipleDbContextDemo.EntityFramework\MultipleDbContextDemo.EntityFramework.csproj", "{3979F157-DEB0-4878-AB1D-4CEF6B5A1300}"
EndProject
Project("{FAE04EC0-301F-11D3-BF4B-00C04F79EFBC}") = "MultipleDbContextDemo.Web", "MultipleDbContextDemo.Web\MultipleDbContextDemo.Web.csproj", "{897F6FD8-6F90-48E4-95A5-B4429B896205}"
EndProject
Project("{FAE04EC0-301F-11D3-BF4B-00C04F79EFBC}") = "MultipleDbContextDemo.Common", "MultipleDbContextDemo.Common\MultipleDbContextDemo.Common.csproj", "{63E485C4-91EB-4B5C-ABEF-A18A5066D61E}"
EndProject
Project("{2150E333-8FDC-42A3-9474-1A3956D46DE8}") = "Test", "Test", "{49A77C91-95A3-42B7-981F-83675610D868}"
EndProject
Project("{FAE04EC0-301F-11D3-BF4B-00C04F79EFBC}") = "MultipleDbContextDemo.AppServiceTest", "MultipleDbContextDemo.AppServiceTest\MultipleDbContextDemo.AppServiceTest.csproj", "{BE667782-A69D-4077-9B1F-708AEDB61588}"
EndProject
Project("{FAE04EC0-301F-11D3-BF4B-00C04F79EFBC}") = "MultipleDbContextDemo.Compress", "MultipleDbContextDemo.Compress\MultipleDbContextDemo.Compress.csproj", "{209B61C1-7CEC-415A-9B02-F73AAE754FF3}"
EndProject
Project("{FAE04EC0-301F-11D3-BF4B-00C04F79EFBC}") = "MultipleDbContextDemo.OutputCache", "MultipleDbContextDemo.OutputCache\MultipleDbContextDemo.OutputCache.csproj", "{2755270E-C416-49E2-852B-98421845CDD2}"
EndProject
Project("{FAE04EC0-301F-11D3-BF4B-00C04F79EFBC}") = "MultipleDbContextDemo.WebApi.Extend", "MultipleDbContextDemo.WebApi.Extend\MultipleDbContextDemo.WebApi.Extend.csproj", "{139B27A3-D47F-4ACE-A319-B2F0A8B694AF}"
EndProject
Project("{2150E333-8FDC-42A3-9474-1A3956D46DE8}") = "WebApi", "WebApi", "{498AAA14-0B23-4A84-B69C-4AFDEB01E53F}"
EndProject
Project("{FAE04EC0-301F-11D3-BF4B-00C04F79EFBC}") = "MultipleDbContextDemo.WebApi2", "MultipleDbContextDemo.WebApi2\MultipleDbContextDemo.WebApi2.csproj", "{C45FF0EA-B103-4AE1-A25B-E75E70B040D8}"
EndProject
Project("{2150E333-8FDC-42A3-9474-1A3956D46DE8}") = "WebApiDataBase", "WebApiDataBase", "{0C62162D-73F6-4D8C-B801-F5AA091CA408}"
EndProject
Project("{FAE04EC0-301F-11D3-BF4B-00C04F79EFBC}") = "MultipleDbContextDemo.Inspector", "MultipleDbContextDemo.Inspector\MultipleDbContextDemo.Inspector.csproj", "{3872D17B-BE72-41DB-A9AF-741B22837D2E}"
EndProject
Project("{2150E333-8FDC-42A3-9474-1A3956D46DE8}") = "WebApiExtends", "WebApiExtends", "{AFF0F91F-DFA2-4731-9BAB-5183931A8EAE}"
EndProject
Global
	GlobalSection(SolutionConfigurationPlatforms) = preSolution
		Debug|Any CPU = Debug|Any CPU
		Release|Any CPU = Release|Any CPU
	EndGlobalSection
	GlobalSection(ProjectConfigurationPlatforms) = postSolution
		{17298EA0-AF73-4F30-B6F1-2066100D7D74}.Debug|Any CPU.ActiveCfg = Debug|Any CPU
		{17298EA0-AF73-4F30-B6F1-2066100D7D74}.Debug|Any CPU.Build.0 = Debug|Any CPU
		{17298EA0-AF73-4F30-B6F1-2066100D7D74}.Release|Any CPU.ActiveCfg = Release|Any CPU
		{17298EA0-AF73-4F30-B6F1-2066100D7D74}.Release|Any CPU.Build.0 = Release|Any CPU
		{EDF5D964-4C0F-4F19-B674-58A38A5E5401}.Debug|Any CPU.ActiveCfg = Debug|Any CPU
		{EDF5D964-4C0F-4F19-B674-58A38A5E5401}.Debug|Any CPU.Build.0 = Debug|Any CPU
		{EDF5D964-4C0F-4F19-B674-58A38A5E5401}.Release|Any CPU.ActiveCfg = Release|Any CPU
		{EDF5D964-4C0F-4F19-B674-58A38A5E5401}.Release|Any CPU.Build.0 = Release|Any CPU
		{3979F157-DEB0-4878-AB1D-4CEF6B5A1300}.Debug|Any CPU.ActiveCfg = Debug|Any CPU
		{3979F157-DEB0-4878-AB1D-4CEF6B5A1300}.Debug|Any CPU.Build.0 = Debug|Any CPU
		{3979F157-DEB0-4878-AB1D-4CEF6B5A1300}.Release|Any CPU.ActiveCfg = Release|Any CPU
		{3979F157-DEB0-4878-AB1D-4CEF6B5A1300}.Release|Any CPU.Build.0 = Release|Any CPU
		{897F6FD8-6F90-48E4-95A5-B4429B896205}.Debug|Any CPU.ActiveCfg = Debug|Any CPU
		{897F6FD8-6F90-48E4-95A5-B4429B896205}.Debug|Any CPU.Build.0 = Debug|Any CPU
		{897F6FD8-6F90-48E4-95A5-B4429B896205}.Release|Any CPU.ActiveCfg = Release|Any CPU
		{897F6FD8-6F90-48E4-95A5-B4429B896205}.Release|Any CPU.Build.0 = Release|Any CPU
		{63E485C4-91EB-4B5C-ABEF-A18A5066D61E}.Debug|Any CPU.ActiveCfg = Debug|Any CPU
		{63E485C4-91EB-4B5C-ABEF-A18A5066D61E}.Debug|Any CPU.Build.0 = Debug|Any CPU
		{63E485C4-91EB-4B5C-ABEF-A18A5066D61E}.Release|Any CPU.ActiveCfg = Release|Any CPU
		{63E485C4-91EB-4B5C-ABEF-A18A5066D61E}.Release|Any CPU.Build.0 = Release|Any CPU
		{BE667782-A69D-4077-9B1F-708AEDB61588}.Debug|Any CPU.ActiveCfg = Debug|Any CPU
		{BE667782-A69D-4077-9B1F-708AEDB61588}.Debug|Any CPU.Build.0 = Debug|Any CPU
		{BE667782-A69D-4077-9B1F-708AEDB61588}.Release|Any CPU.ActiveCfg = Release|Any CPU
		{BE667782-A69D-4077-9B1F-708AEDB61588}.Release|Any CPU.Build.0 = Release|Any CPU
		{209B61C1-7CEC-415A-9B02-F73AAE754FF3}.Debug|Any CPU.ActiveCfg = Debug|Any CPU
		{209B61C1-7CEC-415A-9B02-F73AAE754FF3}.Debug|Any CPU.Build.0 = Debug|Any CPU
		{209B61C1-7CEC-415A-9B02-F73AAE754FF3}.Release|Any CPU.ActiveCfg = Release|Any CPU
		{209B61C1-7CEC-415A-9B02-F73AAE754FF3}.Release|Any CPU.Build.0 = Release|Any CPU
		{2755270E-C416-49E2-852B-98421845CDD2}.Debug|Any CPU.ActiveCfg = Debug|Any CPU
		{2755270E-C416-49E2-852B-98421845CDD2}.Debug|Any CPU.Build.0 = Debug|Any CPU
		{2755270E-C416-49E2-852B-98421845CDD2}.Release|Any CPU.ActiveCfg = Release|Any CPU
		{2755270E-C416-49E2-852B-98421845CDD2}.Release|Any CPU.Build.0 = Release|Any CPU
		{139B27A3-D47F-4ACE-A319-B2F0A8B694AF}.Debug|Any CPU.ActiveCfg = Debug|Any CPU
		{139B27A3-D47F-4ACE-A319-B2F0A8B694AF}.Debug|Any CPU.Build.0 = Debug|Any CPU
		{139B27A3-D47F-4ACE-A319-B2F0A8B694AF}.Release|Any CPU.ActiveCfg = Release|Any CPU
		{139B27A3-D47F-4ACE-A319-B2F0A8B694AF}.Release|Any CPU.Build.0 = Release|Any CPU
		{C45FF0EA-B103-4AE1-A25B-E75E70B040D8}.Debug|Any CPU.ActiveCfg = Debug|Any CPU
		{C45FF0EA-B103-4AE1-A25B-E75E70B040D8}.Debug|Any CPU.Build.0 = Debug|Any CPU
		{C45FF0EA-B103-4AE1-A25B-E75E70B040D8}.Release|Any CPU.ActiveCfg = Release|Any CPU
		{C45FF0EA-B103-4AE1-A25B-E75E70B040D8}.Release|Any CPU.Build.0 = Release|Any CPU
		{3872D17B-BE72-41DB-A9AF-741B22837D2E}.Debug|Any CPU.ActiveCfg = Debug|Any CPU
		{3872D17B-BE72-41DB-A9AF-741B22837D2E}.Debug|Any CPU.Build.0 = Debug|Any CPU
		{3872D17B-BE72-41DB-A9AF-741B22837D2E}.Release|Any CPU.ActiveCfg = Release|Any CPU
		{3872D17B-BE72-41DB-A9AF-741B22837D2E}.Release|Any CPU.Build.0 = Release|Any CPU
	EndGlobalSection
	GlobalSection(SolutionProperties) = preSolution
		HideSolutionNode = FALSE
	EndGlobalSection
	GlobalSection(NestedProjects) = preSolution
		{17298EA0-AF73-4F30-B6F1-2066100D7D74} = {0C62162D-73F6-4D8C-B801-F5AA091CA408}
		{EDF5D964-4C0F-4F19-B674-58A38A5E5401} = {0C62162D-73F6-4D8C-B801-F5AA091CA408}
		{3979F157-DEB0-4878-AB1D-4CEF6B5A1300} = {0C62162D-73F6-4D8C-B801-F5AA091CA408}
		{63E485C4-91EB-4B5C-ABEF-A18A5066D61E} = {498AAA14-0B23-4A84-B69C-4AFDEB01E53F}
		{BE667782-A69D-4077-9B1F-708AEDB61588} = {49A77C91-95A3-42B7-981F-83675610D868}
		{209B61C1-7CEC-415A-9B02-F73AAE754FF3} = {AFF0F91F-DFA2-4731-9BAB-5183931A8EAE}
		{2755270E-C416-49E2-852B-98421845CDD2} = {AFF0F91F-DFA2-4731-9BAB-5183931A8EAE}
		{139B27A3-D47F-4ACE-A319-B2F0A8B694AF} = {AFF0F91F-DFA2-4731-9BAB-5183931A8EAE}
		{C45FF0EA-B103-4AE1-A25B-E75E70B040D8} = {498AAA14-0B23-4A84-B69C-4AFDEB01E53F}
		{3872D17B-BE72-41DB-A9AF-741B22837D2E} = {AFF0F91F-DFA2-4731-9BAB-5183931A8EAE}
	EndGlobalSection
EndGlobal
